// !$*UTF8*$!
{
	archiveVersion = 1;
	classes = {
	};
	objectVersion = 50;
	objects = {

/* Begin PBXBuildFile section */
		143DC39B2111F9470015A685 /* CLLLibModel.m in Sources */ = {isa = PBXBuildFile; fileRef = 143DC38A2111F9470015A685 /* CLLLibModel.m */; };
		143DC39C2111F9470015A685 /* CLLTextCell.m in Sources */ = {isa = PBXBuildFile; fileRef = 143DC38E2111F9470015A685 /* CLLTextCell.m */; };
		143DC39D2111F9470015A685 /* CLLCheckCell.m in Sources */ = {isa = PBXBuildFile; fileRef = 143DC38F2111F9470015A685 /* CLLCheckCell.m */; };
		143DC39E2111F9470015A685 /* CLLTextCell.xib in Resources */ = {isa = PBXBuildFile; fileRef = 143DC3902111F9470015A685 /* CLLTextCell.xib */; };
		143DC39F2111F9470015A685 /* CLLCheckCell.xib in Resources */ = {isa = PBXBuildFile; fileRef = 143DC3922111F9470015A685 /* CLLCheckCell.xib */; };
		143DC3A02111F9470015A685 /* NSView+CLLFrame.m in Sources */ = {isa = PBXBuildFile; fileRef = 143DC3942111F9470015A685 /* NSView+CLLFrame.m */; };
		143DC3A12111F9470015A685 /* CLLGitUtil.m in Sources */ = {isa = PBXBuildFile; fileRef = 143DC3982111F9470015A685 /* CLLGitUtil.m */; };
		143DC3A22111F9470015A685 /* git_update.sh in Resources */ = {isa = PBXBuildFile; fileRef = 143DC3992111F9470015A685 /* git_update.sh */; };
		143DC3A32111F9470015A685 /* git_upgrade.py in Resources */ = {isa = PBXBuildFile; fileRef = 143DC39A2111F9470015A685 /* git_upgrade.py */; };
		143DC3A62111F9A00015A685 /* ViewController.m in Sources */ = {isa = PBXBuildFile; fileRef = 143DC3A42111F99F0015A685 /* ViewController.m */; };
		143DC3A92111F9CE0015A685 /* Main.storyboard in Resources */ = {isa = PBXBuildFile; fileRef = 143DC3A72111F9CD0015A685 /* Main.storyboard */; };
		1444417C210F6385009DEF9B /* AppDelegate.m in Sources */ = {isa = PBXBuildFile; fileRef = 1444417B210F6385009DEF9B /* AppDelegate.m */; };
		14444181210F6386009DEF9B /* Assets.xcassets in Resources */ = {isa = PBXBuildFile; fileRef = 14444180210F6386009DEF9B /* Assets.xcassets */; };
		14444187210F6386009DEF9B /* main.m in Sources */ = {isa = PBXBuildFile; fileRef = 14444186210F6386009DEF9B /* main.m */; };
		1455DE6C2115F08100575C56 /* CLLContainerView.m in Sources */ = {isa = PBXBuildFile; fileRef = 1455DE6B2115F08100575C56 /* CLLContainerView.m */; };
		1455F87421153B2400D4C914 /* CLLGitLog.m in Sources */ = {isa = PBXBuildFile; fileRef = 1455F87321153B2400D4C914 /* CLLGitLog.m */; };
/* End PBXBuildFile section */

/* Begin PBXContainerItemProxy section */
		1444418E210F6386009DEF9B /* PBXContainerItemProxy */ = {
			isa = PBXContainerItemProxy;
			containerPortal = 1444416F210F6385009DEF9B /* Project object */;
			proxyType = 1;
			remoteGlobalIDString = 14444176210F6385009DEF9B;
			remoteInfo = CLLRepo;
		};
		14444199210F6386009DEF9B /* PBXContainerItemProxy */ = {
			isa = PBXContainerItemProxy;
			containerPortal = 1444416F210F6385009DEF9B /* Project object */;
			proxyType = 1;
			remoteGlobalIDString = 14444176210F6385009DEF9B;
			remoteInfo = CLLRepo;
		};
/* End PBXContainerItemProxy section */

/* Begin PBXFileReference section */
		143DC38A2111F9470015A685 /* CLLLibModel.m */ = {isa = PBXFileReference; fileEncoding = 4; lastKnownFileType = sourcecode.c.objc; path = CLLLibModel.m; sourceTree = "<group>"; };
		143DC38B2111F9470015A685 /* CLLLibModel.h */ = {isa = PBXFileReference; fileEncoding = 4; lastKnownFileType = sourcecode.c.h; path = CLLLibModel.h; sourceTree = "<group>"; };
		143DC38D2111F9470015A685 /* CLLCheckCell.h */ = {isa = PBXFileReference; fileEncoding = 4; lastKnownFileType = sourcecode.c.h; path = CLLCheckCell.h; sourceTree = "<group>"; };
		143DC38E2111F9470015A685 /* CLLTextCell.m */ = {isa = PBXFileReference; fileEncoding = 4; lastKnownFileType = sourcecode.c.objc; path = CLLTextCell.m; sourceTree = "<group>"; };
		143DC38F2111F9470015A685 /* CLLCheckCell.m */ = {isa = PBXFileReference; fileEncoding = 4; lastKnownFileType = sourcecode.c.objc; path = CLLCheckCell.m; sourceTree = "<group>"; };
		143DC3902111F9470015A685 /* CLLTextCell.xib */ = {isa = PBXFileReference; fileEncoding = 4; lastKnownFileType = file.xib; path = CLLTextCell.xib; sourceTree = "<group>"; };
		143DC3912111F9470015A685 /* CLLTextCell.h */ = {isa = PBXFileReference; fileEncoding = 4; lastKnownFileType = sourcecode.c.h; path = CLLTextCell.h; sourceTree = "<group>"; };
		143DC3922111F9470015A685 /* CLLCheckCell.xib */ = {isa = PBXFileReference; fileEncoding = 4; lastKnownFileType = file.xib; path = CLLCheckCell.xib; sourceTree = "<group>"; };
		143DC3942111F9470015A685 /* NSView+CLLFrame.m */ = {isa = PBXFileReference; fileEncoding = 4; lastKnownFileType = sourcecode.c.objc; path = "NSView+CLLFrame.m"; sourceTree = "<group>"; };
		143DC3952111F9470015A685 /* NSView+CLLFrame.h */ = {isa = PBXFileReference; fileEncoding = 4; lastKnownFileType = sourcecode.c.h; path = "NSView+CLLFrame.h"; sourceTree = "<group>"; };
		143DC3972111F9470015A685 /* CLLGitUtil.h */ = {isa = PBXFileReference; fileEncoding = 4; lastKnownFileType = sourcecode.c.h; path = CLLGitUtil.h; sourceTree = "<group>"; };
		143DC3982111F9470015A685 /* CLLGitUtil.m */ = {isa = PBXFileReference; fileEncoding = 4; lastKnownFileType = sourcecode.c.objc; path = CLLGitUtil.m; sourceTree = "<group>"; };
		143DC3992111F9470015A685 /* git_update.sh */ = {isa = PBXFileReference; fileEncoding = 4; lastKnownFileType = text.script.sh; path = git_update.sh; sourceTree = "<group>"; };
		143DC39A2111F9470015A685 /* git_upgrade.py */ = {isa = PBXFileReference; fileEncoding = 4; lastKnownFileType = text.script.python; path = git_upgrade.py; sourceTree = "<group>"; };
		143DC3A42111F99F0015A685 /* ViewController.m */ = {isa = PBXFileReference; fileEncoding = 4; lastKnownFileType = sourcecode.c.objc; path = ViewController.m; sourceTree = "<group>"; };
		143DC3A52111F99F0015A685 /* ViewController.h */ = {isa = PBXFileReference; fileEncoding = 4; lastKnownFileType = sourcecode.c.h; path = ViewController.h; sourceTree = "<group>"; };
		143DC3A82111F9CD0015A685 /* Base */ = {isa = PBXFileReference; lastKnownFileType = file.storyboard; name = Base; path = Base.lproj/Main.storyboard; sourceTree = "<group>"; };
		14444177210F6385009DEF9B /* CLLRepo.app */ = {isa = PBXFileReference; explicitFileType = wrapper.application; includeInIndex = 0; path = CLLRepo.app; sourceTree = BUILT_PRODUCTS_DIR; };
		1444417A210F6385009DEF9B /* AppDelegate.h */ = {isa = PBXFileReference; lastKnownFileType = sourcecode.c.h; path = AppDelegate.h; sourceTree = "<group>"; };
		1444417B210F6385009DEF9B /* AppDelegate.m */ = {isa = PBXFileReference; lastKnownFileType = sourcecode.c.objc; path = AppDelegate.m; sourceTree = "<group>"; };
		14444180210F6386009DEF9B /* Assets.xcassets */ = {isa = PBXFileReference; lastKnownFileType = folder.assetcatalog; path = Assets.xcassets; sourceTree = "<group>"; };
		14444185210F6386009DEF9B /* Info.plist */ = {isa = PBXFileReference; lastKnownFileType = text.plist.xml; path = Info.plist; sourceTree = "<group>"; };
		14444186210F6386009DEF9B /* main.m */ = {isa = PBXFileReference; lastKnownFileType = sourcecode.c.objc; path = main.m; sourceTree = "<group>"; };
		14444188210F6386009DEF9B /* CLLRepo.entitlements */ = {isa = PBXFileReference; lastKnownFileType = text.plist.entitlements; path = CLLRepo.entitlements; sourceTree = "<group>"; };
		1444418D210F6386009DEF9B /* CLLRepoTests.xctest */ = {isa = PBXFileReference; explicitFileType = wrapper.cfbundle; includeInIndex = 0; path = CLLRepoTests.xctest; sourceTree = BUILT_PRODUCTS_DIR; };
		14444198210F6386009DEF9B /* CLLRepoUITests.xctest */ = {isa = PBXFileReference; explicitFileType = wrapper.cfbundle; includeInIndex = 0; path = CLLRepoUITests.xctest; sourceTree = BUILT_PRODUCTS_DIR; };
		1455DE692115CABA00575C56 /* CLLCommon.h */ = {isa = PBXFileReference; lastKnownFileType = sourcecode.c.h; path = CLLCommon.h; sourceTree = "<group>"; };
		1455DE6A2115F08100575C56 /* CLLContainerView.h */ = {isa = PBXFileReference; lastKnownFileType = sourcecode.c.h; path = CLLContainerView.h; sourceTree = "<group>"; };
		1455DE6B2115F08100575C56 /* CLLContainerView.m */ = {isa = PBXFileReference; lastKnownFileType = sourcecode.c.objc; path = CLLContainerView.m; sourceTree = "<group>"; };
		1455F87221153B2400D4C914 /* CLLGitLog.h */ = {isa = PBXFileReference; lastKnownFileType = sourcecode.c.h; path = CLLGitLog.h; sourceTree = "<group>"; };
		1455F87321153B2400D4C914 /* CLLGitLog.m */ = {isa = PBXFileReference; lastKnownFileType = sourcecode.c.objc; path = CLLGitLog.m; sourceTree = "<group>"; };
/* End PBXFileReference section */

/* Begin PBXFrameworksBuildPhase section */
		14444174210F6385009DEF9B /* Frameworks */ = {
			isa = PBXFrameworksBuildPhase;
			buildActionMask = 2147483647;
			files = (
			);
			runOnlyForDeploymentPostprocessing = 0;
		};
		1444418A210F6386009DEF9B /* Frameworks */ = {
			isa = PBXFrameworksBuildPhase;
			buildActionMask = 2147483647;
			files = (
			);
			runOnlyForDeploymentPostprocessing = 0;
		};
		14444195210F6386009DEF9B /* Frameworks */ = {
			isa = PBXFrameworksBuildPhase;
			buildActionMask = 2147483647;
			files = (
			);
			runOnlyForDeploymentPostprocessing = 0;
		};
/* End PBXFrameworksBuildPhase section */

/* Begin PBXGroup section */
		143DC3892111F9470015A685 /* Model */ = {
			isa = PBXGroup;
			children = (
				143DC38B2111F9470015A685 /* CLLLibModel.h */,
				143DC38A2111F9470015A685 /* CLLLibModel.m */,
			);
			path = Model;
			sourceTree = "<group>";
		};
		143DC38C2111F9470015A685 /* View */ = {
			isa = PBXGroup;
			children = (
				143DC38D2111F9470015A685 /* CLLCheckCell.h */,
				143DC38F2111F9470015A685 /* CLLCheckCell.m */,
				143DC3922111F9470015A685 /* CLLCheckCell.xib */,
				143DC3912111F9470015A685 /* CLLTextCell.h */,
				143DC38E2111F9470015A685 /* CLLTextCell.m */,
				143DC3902111F9470015A685 /* CLLTextCell.xib */,
				1455DE6A2115F08100575C56 /* CLLContainerView.h */,
				1455DE6B2115F08100575C56 /* CLLContainerView.m */,
			);
			path = View;
			sourceTree = "<group>";
		};
		143DC3932111F9470015A685 /* Category */ = {
			isa = PBXGroup;
			children = (
				143DC3952111F9470015A685 /* NSView+CLLFrame.h */,
				143DC3942111F9470015A685 /* NSView+CLLFrame.m */,
			);
			path = Category;
			sourceTree = "<group>";
		};
		143DC3962111F9470015A685 /* Git */ = {
			isa = PBXGroup;
			children = (
				1455F87221153B2400D4C914 /* CLLGitLog.h */,
				1455F87321153B2400D4C914 /* CLLGitLog.m */,
				143DC3972111F9470015A685 /* CLLGitUtil.h */,
				143DC3982111F9470015A685 /* CLLGitUtil.m */,
				143DC3992111F9470015A685 /* git_update.sh */,
				143DC39A2111F9470015A685 /* git_upgrade.py */,
			);
			path = Git;
			sourceTree = "<group>";
		};
		1444416E210F6385009DEF9B = {
			isa = PBXGroup;
			children = (
				14444179210F6385009DEF9B /* CLLRepo */,
				14444178210F6385009DEF9B /* Products */,
			);
			sourceTree = "<group>";
		};
		14444178210F6385009DEF9B /* Products */ = {
			isa = PBXGroup;
			children = (
				14444177210F6385009DEF9B /* CLLRepo.app */,
				1444418D210F6386009DEF9B /* CLLRepoTests.xctest */,
				14444198210F6386009DEF9B /* CLLRepoUITests.xctest */,
			);
			name = Products;
			sourceTree = "<group>";
		};
		14444179210F6385009DEF9B /* CLLRepo */ = {
			isa = PBXGroup;
			children = (
				1455DE682115CA8300575C56 /* Common */,
				143DC3932111F9470015A685 /* Category */,
				143DC3962111F9470015A685 /* Git */,
				143DC3892111F9470015A685 /* Model */,
				143DC38C2111F9470015A685 /* View */,
				1444417A210F6385009DEF9B /* AppDelegate.h */,
				1444417B210F6385009DEF9B /* AppDelegate.m */,
				143DC3A52111F99F0015A685 /* ViewController.h */,
				143DC3A42111F99F0015A685 /* ViewController.m */,
				143DC3A72111F9CD0015A685 /* Main.storyboard */,
				14444180210F6386009DEF9B /* Assets.xcassets */,
				14444185210F6386009DEF9B /* Info.plist */,
				14444186210F6386009DEF9B /* main.m */,
				14444188210F6386009DEF9B /* CLLRepo.entitlements */,
			);
			path = CLLRepo;
			sourceTree = "<group>";
		};
		1455DE682115CA8300575C56 /* Common */ = {
			isa = PBXGroup;
			children = (
				1455DE692115CABA00575C56 /* CLLCommon.h */,
			);
			path = Common;
			sourceTree = "<group>";
		};
/* End PBXGroup section */

/* Begin PBXNativeTarget section */
		14444176210F6385009DEF9B /* CLLRepo */ = {
			isa = PBXNativeTarget;
			buildConfigurationList = 144441A1210F6386009DEF9B /* Build configuration list for PBXNativeTarget "CLLRepo" */;
			buildPhases = (
				14444173210F6385009DEF9B /* Sources */,
				14444174210F6385009DEF9B /* Frameworks */,
				14444175210F6385009DEF9B /* Resources */,
			);
			buildRules = (
			);
			dependencies = (
			);
			name = CLLRepo;
			productName = CLLRepo;
			productReference = 14444177210F6385009DEF9B /* CLLRepo.app */;
			productType = "com.apple.product-type.application";
		};
		1444418C210F6386009DEF9B /* CLLRepoTests */ = {
			isa = PBXNativeTarget;
			buildConfigurationList = 144441A4210F6386009DEF9B /* Build configuration list for PBXNativeTarget "CLLRepoTests" */;
			buildPhases = (
				14444189210F6386009DEF9B /* Sources */,
				1444418A210F6386009DEF9B /* Frameworks */,
				1444418B210F6386009DEF9B /* Resources */,
			);
			buildRules = (
			);
			dependencies = (
				1444418F210F6386009DEF9B /* PBXTargetDependency */,
			);
			name = CLLRepoTests;
			productName = CLLRepoTests;
			productReference = 1444418D210F6386009DEF9B /* CLLRepoTests.xctest */;
			productType = "com.apple.product-type.bundle.unit-test";
		};
		14444197210F6386009DEF9B /* CLLRepoUITests */ = {
			isa = PBXNativeTarget;
			buildConfigurationList = 144441A7210F6386009DEF9B /* Build configuration list for PBXNativeTarget "CLLRepoUITests" */;
			buildPhases = (
				14444194210F6386009DEF9B /* Sources */,
				14444195210F6386009DEF9B /* Frameworks */,
				14444196210F6386009DEF9B /* Resources */,
			);
			buildRules = (
			);
			dependencies = (
				1444419A210F6386009DEF9B /* PBXTargetDependency */,
			);
			name = CLLRepoUITests;
			productName = CLLRepoUITests;
			productReference = 14444198210F6386009DEF9B /* CLLRepoUITests.xctest */;
			productType = "com.apple.product-type.bundle.ui-testing";
		};
/* End PBXNativeTarget section */

/* Begin PBXProject section */
		1444416F210F6385009DEF9B /* Project object */ = {
			isa = PBXProject;
			attributes = {
				LastUpgradeCheck = 0930;
				ORGANIZATIONNAME = leocll;
				TargetAttributes = {
					14444176210F6385009DEF9B = {
						CreatedOnToolsVersion = 9.3;
						SystemCapabilities = {
							com.apple.Sandbox = {
								enabled = 0;
							};
						};
					};
					1444418C210F6386009DEF9B = {
						CreatedOnToolsVersion = 9.3;
						TestTargetID = 14444176210F6385009DEF9B;
					};
					14444197210F6386009DEF9B = {
						CreatedOnToolsVersion = 9.3;
						TestTargetID = 14444176210F6385009DEF9B;
					};
				};
			};
			buildConfigurationList = 14444172210F6385009DEF9B /* Build configuration list for PBXProject "CLLRepo" */;
			compatibilityVersion = "Xcode 9.3";
			developmentRegion = en;
			hasScannedForEncodings = 0;
			knownRegions = (
				en,
				Base,
			);
			mainGroup = 1444416E210F6385009DEF9B;
			productRefGroup = 14444178210F6385009DEF9B /* Products */;
			projectDirPath = "";
			projectRoot = "";
			targets = (
				14444176210F6385009DEF9B /* CLLRepo */,
				1444418C210F6386009DEF9B /* CLLRepoTests */,
				14444197210F6386009DEF9B /* CLLRepoUITests */,
			);
		};
/* End PBXProject section */

/* Begin PBXResourcesBuildPhase section */
		14444175210F6385009DEF9B /* Resources */ = {
			isa = PBXResourcesBuildPhase;
			buildActionMask = 2147483647;
			files = (
				14444181210F6386009DEF9B /* Assets.xcassets in Resources */,
				143DC39E2111F9470015A685 /* CLLTextCell.xib in Resources */,
				143DC3A22111F9470015A685 /* git_update.sh in Resources */,
				143DC3A92111F9CE0015A685 /* Main.storyboard in Resources */,
				143DC39F2111F9470015A685 /* CLLCheckCell.xib in Resources */,
				143DC3A32111F9470015A685 /* git_upgrade.py in Resources */,
			);
			runOnlyForDeploymentPostprocessing = 0;
		};
		1444418B210F6386009DEF9B /* Resources */ = {
			isa = PBXResourcesBuildPhase;
			buildActionMask = 2147483647;
			files = (
			);
			runOnlyForDeploymentPostprocessing = 0;
		};
		14444196210F6386009DEF9B /* Resources */ = {
			isa = PBXResourcesBuildPhase;
			buildActionMask = 2147483647;
			files = (
			);
			runOnlyForDeploymentPostprocessing = 0;
		};
/* End PBXResourcesBuildPhase section */

/* Begin PBXSourcesBuildPhase section */
		14444173210F6385009DEF9B /* Sources */ = {
			isa = PBXSourcesBuildPhase;
			buildActionMask = 2147483647;
			files = (
				14444187210F6386009DEF9B /* main.m in Sources */,
				143DC39C2111F9470015A685 /* CLLTextCell.m in Sources */,
				143DC3A62111F9A00015A685 /* ViewController.m in Sources */,
				1455F87421153B2400D4C914 /* CLLGitLog.m in Sources */,
				1444417C210F6385009DEF9B /* AppDelegate.m in Sources */,
				143DC3A12111F9470015A685 /* CLLGitUtil.m in Sources */,
				143DC39D2111F9470015A685 /* CLLCheckCell.m in Sources */,
				143DC39B2111F9470015A685 /* CLLLibModel.m in Sources */,
				1455DE6C2115F08100575C56 /* CLLContainerView.m in Sources */,
				143DC3A02111F9470015A685 /* NSView+CLLFrame.m in Sources */,
			);
			runOnlyForDeploymentPostprocessing = 0;
		};
		14444189210F6386009DEF9B /* Sources */ = {
			isa = PBXSourcesBuildPhase;
			buildActionMask = 2147483647;
			files = (
			);
			runOnlyForDeploymentPostprocessing = 0;
		};
		14444194210F6386009DEF9B /* Sources */ = {
			isa = PBXSourcesBuildPhase;
			buildActionMask = 2147483647;
			files = (
			);
			runOnlyForDeploymentPostprocessing = 0;
		};
/* End PBXSourcesBuildPhase section */

/* Begin PBXTargetDependency section */
		1444418F210F6386009DEF9B /* PBXTargetDependency */ = {
			isa = PBXTargetDependency;
			target = 14444176210F6385009DEF9B /* CLLRepo */;
			targetProxy = 1444418E210F6386009DEF9B /* PBXContainerItemProxy */;
		};
		1444419A210F6386009DEF9B /* PBXTargetDependency */ = {
			isa = PBXTargetDependency;
			target = 14444176210F6385009DEF9B /* CLLRepo */;
			targetProxy = 14444199210F6386009DEF9B /* PBXContainerItemProxy */;
		};
/* End PBXTargetDependency section */

/* Begin PBXVariantGroup section */
		143DC3A72111F9CD0015A685 /* Main.storyboard */ = {
			isa = PBXVariantGroup;
			children = (
				143DC3A82111F9CD0015A685 /* Base */,
			);
			name = Main.storyboard;
			sourceTree = "<group>";
		};
/* End PBXVariantGroup section */

/* Begin XCBuildConfiguration section */
		1444419F210F6386009DEF9B /* Debug */ = {
			isa = XCBuildConfiguration;
			buildSettings = {
				ALWAYS_SEARCH_USER_PATHS = NO;
				CLANG_ANALYZER_NONNULL = YES;
				CLANG_ANALYZER_NUMBER_OBJECT_CONVERSION = YES_AGGRESSIVE;
				CLANG_CXX_LANGUAGE_STANDARD = "gnu++14";
				CLANG_CXX_LIBRARY = "libc++";
				CLANG_ENABLE_MODULES = YES;
				CLANG_ENABLE_OBJC_ARC = YES;
				CLANG_ENABLE_OBJC_WEAK = YES;
				CLANG_WARN_BLOCK_CAPTURE_AUTORELEASING = YES;
				CLANG_WARN_BOOL_CONVERSION = YES;
				CLANG_WARN_COMMA = YES;
				CLANG_WARN_CONSTANT_CONVERSION = YES;
				CLANG_WARN_DEPRECATED_OBJC_IMPLEMENTATIONS = YES;
				CLANG_WARN_DIRECT_OBJC_ISA_USAGE = YES_ERROR;
				CLANG_WARN_DOCUMENTATION_COMMENTS = YES;
				CLANG_WARN_EMPTY_BODY = YES;
				CLANG_WARN_ENUM_CONVERSION = YES;
				CLANG_WARN_INFINITE_RECURSION = YES;
				CLANG_WARN_INT_CONVERSION = YES;
				CLANG_WARN_NON_LITERAL_NULL_CONVERSION = YES;
				CLANG_WARN_OBJC_IMPLICIT_RETAIN_SELF = YES;
				CLANG_WARN_OBJC_LITERAL_CONVERSION = YES;
				CLANG_WARN_OBJC_ROOT_CLASS = YES_ERROR;
				CLANG_WARN_RANGE_LOOP_ANALYSIS = YES;
				CLANG_WARN_STRICT_PROTOTYPES = YES;
				CLANG_WARN_SUSPICIOUS_MOVE = YES;
				CLANG_WARN_UNGUARDED_AVAILABILITY = YES_AGGRESSIVE;
				CLANG_WARN_UNREACHABLE_CODE = YES;
				CLANG_WARN__DUPLICATE_METHOD_MATCH = YES;
				CODE_SIGN_IDENTITY = "Mac Developer";
				COPY_PHASE_STRIP = NO;
				DEBUG_INFORMATION_FORMAT = dwarf;
				ENABLE_STRICT_OBJC_MSGSEND = YES;
				ENABLE_TESTABILITY = YES;
				GCC_C_LANGUAGE_STANDARD = gnu11;
				GCC_DYNAMIC_NO_PIC = NO;
				GCC_NO_COMMON_BLOCKS = YES;
				GCC_OPTIMIZATION_LEVEL = 0;
				GCC_PREPROCESSOR_DEFINITIONS = (
					"DEBUG=1",
					"$(inherited)",
				);
				GCC_WARN_64_TO_32_BIT_CONVERSION = YES;
				GCC_WARN_ABOUT_RETURN_TYPE = YES_ERROR;
				GCC_WARN_UNDECLARED_SELECTOR = YES;
				GCC_WARN_UNINITIALIZED_AUTOS = YES_AGGRESSIVE;
				GCC_WARN_UNUSED_FUNCTION = YES;
				GCC_WARN_UNUSED_VARIABLE = YES;
				MACOSX_DEPLOYMENT_TARGET = 10.13;
				MTL_ENABLE_DEBUG_INFO = YES;
				ONLY_ACTIVE_ARCH = YES;
				SDKROOT = macosx;
			};
			name = Debug;
		};
		144441A0210F6386009DEF9B /* Release */ = {
			isa = XCBuildConfiguration;
			buildSettings = {
				ALWAYS_SEARCH_USER_PATHS = NO;
				CLANG_ANALYZER_NONNULL = YES;
				CLANG_ANALYZER_NUMBER_OBJECT_CONVERSION = YES_AGGRESSIVE;
				CLANG_CXX_LANGUAGE_STANDARD = "gnu++14";
				CLANG_CXX_LIBRARY = "libc++";
				CLANG_ENABLE_MODULES = YES;
				CLANG_ENABLE_OBJC_ARC = YES;
				CLANG_ENABLE_OBJC_WEAK = YES;
				CLANG_WARN_BLOCK_CAPTURE_AUTORELEASING = YES;
				CLANG_WARN_BOOL_CONVERSION = YES;
				CLANG_WARN_COMMA = YES;
				CLANG_WARN_CONSTANT_CONVERSION = YES;
				CLANG_WARN_DEPRECATED_OBJC_IMPLEMENTATIONS = YES;
				CLANG_WARN_DIRECT_OBJC_ISA_USAGE = YES_ERROR;
				CLANG_WARN_DOCUMENTATION_COMMENTS = YES;
				CLANG_WARN_EMPTY_BODY = YES;
				CLANG_WARN_ENUM_CONVERSION = YES;
				CLANG_WARN_INFINITE_RECURSION = YES;
				CLANG_WARN_INT_CONVERSION = YES;
				CLANG_WARN_NON_LITERAL_NULL_CONVERSION = YES;
				CLANG_WARN_OBJC_IMPLICIT_RETAIN_SELF = YES;
				CLANG_WARN_OBJC_LITERAL_CONVERSION = YES;
				CLANG_WARN_OBJC_ROOT_CLASS = YES_ERROR;
				CLANG_WARN_RANGE_LOOP_ANALYSIS = YES;
				CLANG_WARN_STRICT_PROTOTYPES = YES;
				CLANG_WARN_SUSPICIOUS_MOVE = YES;
				CLANG_WARN_UNGUARDED_AVAILABILITY = YES_AGGRESSIVE;
				CLANG_WARN_UNREACHABLE_CODE = YES;
				CLANG_WARN__DUPLICATE_METHOD_MATCH = YES;
				CODE_SIGN_IDENTITY = "Mac Developer";
				COPY_PHASE_STRIP = NO;
				DEBUG_INFORMATION_FORMAT = "dwarf-with-dsym";
				ENABLE_NS_ASSERTIONS = NO;
				ENABLE_STRICT_OBJC_MSGSEND = YES;
				GCC_C_LANGUAGE_STANDARD = gnu11;
				GCC_NO_COMMON_BLOCKS = YES;
				GCC_WARN_64_TO_32_BIT_CONVERSION = YES;
				GCC_WARN_ABOUT_RETURN_TYPE = YES_ERROR;
				GCC_WARN_UNDECLARED_SELECTOR = YES;
				GCC_WARN_UNINITIALIZED_AUTOS = YES_AGGRESSIVE;
				GCC_WARN_UNUSED_FUNCTION = YES;
				GCC_WARN_UNUSED_VARIABLE = YES;
				MACOSX_DEPLOYMENT_TARGET = 10.13;
				MTL_ENABLE_DEBUG_INFO = NO;
				SDKROOT = macosx;
			};
			name = Release;
		};
		144441A2210F6386009DEF9B /* Debug */ = {
			isa = XCBuildConfiguration;
			buildSettings = {
				ASSETCATALOG_COMPILER_APPICON_NAME = AppIcon;
				CODE_SIGN_STYLE = Automatic;
				COMBINE_HIDPI_IMAGES = YES;
				DEVELOPMENT_TEAM = MVG4E39EBK;
				INFOPLIST_FILE = CLLRepo/Info.plist;
				LD_RUNPATH_SEARCH_PATHS = (
					"$(inherited)",
					"@executable_path/../Frameworks",
				);
				PRODUCT_BUNDLE_IDENTIFIER = leocll.CLLRepo;
				PRODUCT_NAME = "$(TARGET_NAME)";
			};
			name = Debug;
		};
		144441A3210F6386009DEF9B /* Release */ = {
			isa = XCBuildConfiguration;
			buildSettings = {
				ASSETCATALOG_COMPILER_APPICON_NAME = AppIcon;
				CODE_SIGN_STYLE = Automatic;
				COMBINE_HIDPI_IMAGES = YES;
				DEVELOPMENT_TEAM = MVG4E39EBK;
				INFOPLIST_FILE = CLLRepo/Info.plist;
				LD_RUNPATH_SEARCH_PATHS = (
					"$(inherited)",
					"@executable_path/../Frameworks",
				);
				PRODUCT_BUNDLE_IDENTIFIER = leocll.CLLRepo;
				PRODUCT_NAME = "$(TARGET_NAME)";
			};
			name = Release;
		};
		144441A5210F6386009DEF9B /* Debug */ = {
			isa = XCBuildConfiguration;
			buildSettings = {
				BUNDLE_LOADER = "$(TEST_HOST)";
				CODE_SIGN_STYLE = Automatic;
				COMBINE_HIDPI_IMAGES = YES;
				DEVELOPMENT_TEAM = MVG4E39EBK;
				INFOPLIST_FILE = CLLRepoTests/Info.plist;
				LD_RUNPATH_SEARCH_PATHS = (
					"$(inherited)",
					"@executable_path/../Frameworks",
					"@loader_path/../Frameworks",
				);
				PRODUCT_BUNDLE_IDENTIFIER = leocll.CLLRepoTests;
				PRODUCT_NAME = "$(TARGET_NAME)";
				TEST_HOST = "$(BUILT_PRODUCTS_DIR)/CLLRepo.app/Contents/MacOS/CLLRepo";
			};
			name = Debug;
		};
		144441A6210F6386009DEF9B /* Release */ = {
			isa = XCBuildConfiguration;
			buildSettings = {
				BUNDLE_LOADER = "$(TEST_HOST)";
				CODE_SIGN_STYLE = Automatic;
				COMBINE_HIDPI_IMAGES = YES;
				DEVELOPMENT_TEAM = MVG4E39EBK;
				INFOPLIST_FILE = CLLRepoTests/Info.plist;
				LD_RUNPATH_SEARCH_PATHS = (
					"$(inherited)",
					"@executable_path/../Frameworks",
					"@loader_path/../Frameworks",
				);
				PRODUCT_BUNDLE_IDENTIFIER = leocll.CLLRepoTests;
				PRODUCT_NAME = "$(TARGET_NAME)";
				TEST_HOST = "$(BUILT_PRODUCTS_DIR)/CLLRepo.app/Contents/MacOS/CLLRepo";
			};
			name = Release;
		};
		144441A8210F6386009DEF9B /* Debug */ = {
			isa = XCBuildConfiguration;
			buildSettings = {
				CODE_SIGN_STYLE = Automatic;
				COMBINE_HIDPI_IMAGES = YES;
				DEVELOPMENT_TEAM = MVG4E39EBK;
				INFOPLIST_FILE = CLLRepoUITests/Info.plist;
				LD_RUNPATH_SEARCH_PATHS = (
					"$(inherited)",
					"@executable_path/../Frameworks",
					"@loader_path/../Frameworks",
				);
				PRODUCT_BUNDLE_IDENTIFIER = leocll.CLLRepoUITests;
				PRODUCT_NAME = "$(TARGET_NAME)";
				TEST_TARGET_NAME = CLLRepo;
			};
			name = Debug;
		};
		144441A9210F6386009DEF9B /* Release */ = {
			isa = XCBuildConfiguration;
			buildSettings = {
				CODE_SIGN_STYLE = Automatic;
				COMBINE_HIDPI_IMAGES = YES;
				DEVELOPMENT_TEAM = MVG4E39EBK;
				INFOPLIST_FILE = CLLRepoUITests/Info.plist;
				LD_RUNPATH_SEARCH_PATHS = (
					"$(inherited)",
					"@executable_path/../Frameworks",
					"@loader_path/../Frameworks",
				);
				PRODUCT_BUNDLE_IDENTIFIER = leocll.CLLRepoUITests;
				PRODUCT_NAME = "$(TARGET_NAME)";
				TEST_TARGET_NAME = CLLRepo;
			};
			name = Release;
		};
/* End XCBuildConfiguration section */

/* Begin XCConfigurationList section */
		14444172210F6385009DEF9B /* Build configuration list for PBXProject "CLLRepo" */ = {
			isa = XCConfigurationList;
			buildConfigurations = (
				1444419F210F6386009DEF9B /* Debug */,
				144441A0210F6386009DEF9B /* Release */,
			);
			defaultConfigurationIsVisible = 0;
			defaultConfigurationName = Release;
		};
		144441A1210F6386009DEF9B /* Build configuration list for PBXNativeTarget "CLLRepo" */ = {
			isa = XCConfigurationList;
			buildConfigurations = (
				144441A2210F6386009DEF9B /* Debug */,
				144441A3210F6386009DEF9B /* Release */,
			);
			defaultConfigurationIsVisible = 0;
			defaultConfigurationName = Release;
		};
		144441A4210F6386009DEF9B /* Build configuration list for PBXNativeTarget "CLLRepoTests" */ = {
			isa = XCConfigurationList;
			buildConfigurations = (
				144441A5210F6386009DEF9B /* Debug */,
				144441A6210F6386009DEF9B /* Release */,
			);
			defaultConfigurationIsVisible = 0;
			defaultConfigurationName = Release;
		};
		144441A7210F6386009DEF9B /* Build configuration list for PBXNativeTarget "CLLRepoUITests" */ = {
			isa = XCConfigurationList;
			buildConfigurations = (
				144441A8210F6386009DEF9B /* Debug */,
				144441A9210F6386009DEF9B /* Release */,
			);
			defaultConfigurationIsVisible = 0;
			defaultConfigurationName = Release;
		};
/* End XCConfigurationList section */
	};
	rootObject = 1444416F210F6385009DEF9B /* Project object */;
}
